
Microsoft Visual Studio Solution File, Format Version 12.00
# Visual Studio 15
VisualStudioVersion = 15.0.28010.2016
MinimumVisualStudioVersion = 10.0.40219.1
Project("{FAE04EC0-301F-11D3-BF4B-00C04F79EFBC}") = "ProyectoP9", "ProyectoP9\ProyectoP9.csproj", "{1D4873FC-D08A-420D-AEF1-C11CBD932235}"
EndProject
Global
	GlobalSection(SolutionConfigurationPlatforms) = preSolution
		Debug|Any CPU = Debug|Any CPU
		Release|Any CPU = Release|Any CPU
	EndGlobalSection
	GlobalSection(ProjectConfigurationPlatforms) = postSolution
		{1D4873FC-D08A-420D-AEF1-C11CBD932235}.Debug|Any CPU.ActiveCfg = Debug|Any CPU
		{1D4873FC-D08A-420D-AEF1-C11CBD932235}.Debug|Any CPU.Build.0 = Debug|Any CPU
		{1D4873FC-D08A-420D-AEF1-C11CBD932235}.Release|Any CPU.ActiveCfg = Release|Any CPU
		{1D4873FC-D08A-420D-AEF1-C11CBD932235}.Release|Any CPU.Build.0 = Release|Any CPU
	EndGlobalSection
	GlobalSection(SolutionProperties) = preSolution
		HideSolutionNode = FALSE
	EndGlobalSection
	GlobalSection(ExtensibilityGlobals) = postSolution
		SolutionGuid = {E891374C-F0C5-4DF1-A26A-31386F1F6258}
	EndGlobalSection
EndGlobal
